
Microsoft Visual Studio Solution File, Format Version 12.00
# Visual Studio Version 16
VisualStudioVersion = 16.0.31613.86
MinimumVisualStudioVersion = 10.0.40219.1
Project("{FAE04EC0-301F-11D3-BF4B-00C04F79EFBC}") = "PhoneBook.DataAPI", "PhoneBook.DataAPI\PhoneBook.DataAPI.csproj", "{929E3F89-92AF-4DF3-892E-82EDA612FDBE}"
EndProject
Global
	GlobalSection(SolutionConfigurationPlatforms) = preSolution
		Debug|Any CPU = Debug|Any CPU
		Release|Any CPU = Release|Any CPU
	EndGlobalSection
	GlobalSection(ProjectConfigurationPlatforms) = postSolution
		{929E3F89-92AF-4DF3-892E-82EDA612FDBE}.Debug|Any CPU.ActiveCfg = Debug|Any CPU
		{929E3F89-92AF-4DF3-892E-82EDA612FDBE}.Debug|Any CPU.Build.0 = Debug|Any CPU
		{929E3F89-92AF-4DF3-892E-82EDA612FDBE}.Release|Any CPU.ActiveCfg = Release|Any CPU
		{929E3F89-92AF-4DF3-892E-82EDA612FDBE}.Release|Any CPU.Build.0 = Release|Any CPU
	EndGlobalSection
	GlobalSection(SolutionProperties) = preSolution
		HideSolutionNode = FALSE
	EndGlobalSection
	GlobalSection(ExtensibilityGlobals) = postSolution
		SolutionGuid = {4E046147-6810-48EA-97F9-9245A5C31560}
	EndGlobalSection
EndGlobal
